
Microsoft Visual Studio Solution File, Format Version 12.00
# Visual Studio 2013
VisualStudioVersion = 12.0.31101.0
MinimumVisualStudioVersion = 10.0.40219.1
Project("{FAE04EC0-301F-11D3-BF4B-00C04F79EFBC}") = "HeadsOrTails", "HeadOrTail\HeadsOrTails.csproj", "{CACEDBC7-DDEB-4641-B799-9135391D1885}"
EndProject
Global
	GlobalSection(SolutionConfigurationPlatforms) = preSolution
		Debug|Any CPU = Debug|Any CPU
		Debug|ARM = Debug|ARM
		Debug|x86 = Debug|x86
		Release|Any CPU = Release|Any CPU
		Release|ARM = Release|ARM
		Release|x86 = Release|x86
	EndGlobalSection
	GlobalSection(ProjectConfigurationPlatforms) = postSolution
		{CACEDBC7-DDEB-4641-B799-9135391D1885}.Debug|Any CPU.ActiveCfg = Debug|Any CPU
		{CACEDBC7-DDEB-4641-B799-9135391D1885}.Debug|Any CPU.Build.0 = Debug|Any CPU
		{CACEDBC7-DDEB-4641-B799-9135391D1885}.Debug|Any CPU.Deploy.0 = Debug|Any CPU
		{CACEDBC7-DDEB-4641-B799-9135391D1885}.Debug|ARM.ActiveCfg = Debug|ARM
		{CACEDBC7-DDEB-4641-B799-9135391D1885}.Debug|ARM.Build.0 = Debug|ARM
		{CACEDBC7-DDEB-4641-B799-9135391D1885}.Debug|ARM.Deploy.0 = Debug|ARM
		{CACEDBC7-DDEB-4641-B799-9135391D1885}.Debug|x86.ActiveCfg = Debug|x86
		{CACEDBC7-DDEB-4641-B799-9135391D1885}.Debug|x86.Build.0 = Debug|x86
		{CACEDBC7-DDEB-4641-B799-9135391D1885}.Debug|x86.Deploy.0 = Debug|x86
		{CACEDBC7-DDEB-4641-B799-9135391D1885}.Release|Any CPU.ActiveCfg = Release|Any CPU
		{CACEDBC7-DDEB-4641-B799-9135391D1885}.Release|Any CPU.Build.0 = Release|Any CPU
		{CACEDBC7-DDEB-4641-B799-9135391D1885}.Release|Any CPU.Deploy.0 = Release|Any CPU
		{CACEDBC7-DDEB-4641-B799-9135391D1885}.Release|ARM.ActiveCfg = Release|ARM
		{CACEDBC7-DDEB-4641-B799-9135391D1885}.Release|ARM.Build.0 = Release|ARM
		{CACEDBC7-DDEB-4641-B799-9135391D1885}.Release|ARM.Deploy.0 = Release|ARM
		{CACEDBC7-DDEB-4641-B799-9135391D1885}.Release|x86.ActiveCfg = Release|x86
		{CACEDBC7-DDEB-4641-B799-9135391D1885}.Release|x86.Build.0 = Release|x86
		{CACEDBC7-DDEB-4641-B799-9135391D1885}.Release|x86.Deploy.0 = Release|x86
	EndGlobalSection
	GlobalSection(SolutionProperties) = preSolution
		HideSolutionNode = FALSE
	EndGlobalSection
EndGlobal
